Microsoft Visual Studio Solution File, Format Version 12.00
# Visual Studio Version 17
VisualStudioVersion = 17.5.2.0
MinimumVisualStudioVersion = 10.0.40219.1
Project("{2150E333-8FDC-42A3-9474-1A3956D46DE8}") = "src", "src", "{827E0CD3-B72D-47B6-A68D-7590B98EB39B}"
EndProject
Project("{FAE04EC0-301F-11D3-BF4B-00C04F79EFBC}") = "ResumeJobMatcher.Api", "src\ResumeJobMatcher.Api\ResumeJobMatcher.Api.csproj", "{0B0809F1-BF8E-3E46-946E-94F251E5D411}"
EndProject
Project("{FAE04EC0-301F-11D3-BF4B-00C04F79EFBC}") = "ResumeJobMatcher.Core", "src\ResumeJobMatcher.Core\ResumeJobMatcher.Core.csproj", "{6455E03B-6219-0948-AA99-44267898E70D}"
EndProject
Project("{FAE04EC0-301F-11D3-BF4B-00C04F79EFBC}") = "ResumeJobMatcher.Infrastructure", "src\ResumeJobMatcher.Infrastructure\ResumeJobMatcher.Infrastructure.csproj", "{FB087464-2B07-1A60-B8F1-D84C9A84CF3C}"
EndProject
Global
	GlobalSection(SolutionConfigurationPlatforms) = preSolution
		Debug|Any CPU = Debug|Any CPU
		Release|Any CPU = Release|Any CPU
	EndGlobalSection
	GlobalSection(ProjectConfigurationPlatforms) = postSolution
		{0B0809F1-BF8E-3E46-946E-94F251E5D411}.Debug|Any CPU.ActiveCfg = Debug|Any CPU
		{0B0809F1-BF8E-3E46-946E-94F251E5D411}.Debug|Any CPU.Build.0 = Debug|Any CPU
		{0B0809F1-BF8E-3E46-946E-94F251E5D411}.Release|Any CPU.ActiveCfg = Release|Any CPU
		{0B0809F1-BF8E-3E46-946E-94F251E5D411}.Release|Any CPU.Build.0 = Release|Any CPU
		{6455E03B-6219-0948-AA99-44267898E70D}.Debug|Any CPU.ActiveCfg = Debug|Any CPU
		{6455E03B-6219-0948-AA99-44267898E70D}.Debug|Any CPU.Build.0 = Debug|Any CPU
		{6455E03B-6219-0948-AA99-44267898E70D}.Release|Any CPU.ActiveCfg = Release|Any CPU
		{6455E03B-6219-0948-AA99-44267898E70D}.Release|Any CPU.Build.0 = Release|Any CPU
		{FB087464-2B07-1A60-B8F1-D84C9A84CF3C}.Debug|Any CPU.ActiveCfg = Debug|Any CPU
		{FB087464-2B07-1A60-B8F1-D84C9A84CF3C}.Debug|Any CPU.Build.0 = Debug|Any CPU
		{FB087464-2B07-1A60-B8F1-D84C9A84CF3C}.Release|Any CPU.ActiveCfg = Release|Any CPU
		{FB087464-2B07-1A60-B8F1-D84C9A84CF3C}.Release|Any CPU.Build.0 = Release|Any CPU
	EndGlobalSection
	GlobalSection(SolutionProperties) = preSolution
		HideSolutionNode = FALSE
	EndGlobalSection
	GlobalSection(NestedProjects) = preSolution
		{0B0809F1-BF8E-3E46-946E-94F251E5D411} = {827E0CD3-B72D-47B6-A68D-7590B98EB39B}
		{6455E03B-6219-0948-AA99-44267898E70D} = {827E0CD3-B72D-47B6-A68D-7590B98EB39B}
		{FB087464-2B07-1A60-B8F1-D84C9A84CF3C} = {827E0CD3-B72D-47B6-A68D-7590B98EB39B}
	EndGlobalSection
	GlobalSection(ExtensibilityGlobals) = postSolution
		SolutionGuid = {84DE8088-4A31-484E-B1F5-A72D836AA5E0}
	EndGlobalSection
EndGlobal
